{
  "meteor": {
    "git": "https://github.com/meteor/meteor.git",
    "branch": "master",
    "commit": "68dafc94c5f1eb6cf2350ee74e9f65130f665bc5"
  },
  "dependencies": {
    "basePackages": {
      "router": {},
      "bootstrap.less": {},
      "accounting": {},
      "sugar": {},
      "knockout": {}
    },
    "packages": {
      "router": {
        "git": "https://github.com/tmeasday/meteor-router.git",
        "tag": "v0.2.2",
        "commit": "b1e205f3cbde62ae3c91f06429d681580d9aa322"
      },
      "bootstrap.less": {
        "git": "https://github.com/lvbreda/meteor_bootstrapless",
        "tag": "v2.1.0",
        "commit": "05dab8a4f07ef0f457fd4af4ea897c9d72129a2b"
      },
      "accounting": {
        "git": "https://github.com/IainShigeoka/meteor-accounting.git",
        "tag": "v0.3.2.3",
        "commit": "330cf532e6ac7282cf85ef3b83a54c1a25f5bdae"
      },
      "sugar": {
        "git": "https://github.com/bevanhunt/meteor-sugar.git",
        "tag": "v0.0.9",
        "commit": "751a4465e0a7d7e4e800e794ca1e6a449e15e63d"
      },
      "knockout": {
        "git": "https://github.com/bevanhunt/meteor-knockout.git",
        "tag": "v0.2.9",
        "commit": "e04ee197333815d199850d1418062a80b106a04f"
      },
      "page-js": {
        "git": "https://github.com/tmeasday/meteor-page-js.git",
        "tag": "v1.3.1",
        "commit": "ee0b651869928abe50b5d06d7f32ccd2e657883a"
      }
    }
  }
}
